
Microsoft Visual Studio Solution File, Format Version 12.00
Project("{FAE04EC0-301F-11D3-BF4B-00C04F79EFBC}") = "Astora.Core", "Astora.Core\Astora.Core.csproj", "{BE6C3F50-D32A-4865-A1AC-6DB1855A86A1}"
EndProject
Project("{FAE04EC0-301F-11D3-BF4B-00C04F79EFBC}") = "Astora.SandBox", "Astora.SandBox\Astora.SandBox.csproj", "{3F0084D0-0A54-4034-A18E-AD084D9E383A}"
EndProject
Global
	GlobalSection(SolutionConfigurationPlatforms) = preSolution
		Debug|Any CPU = Debug|Any CPU
		Release|Any CPU = Release|Any CPU
	EndGlobalSection
	GlobalSection(ProjectConfigurationPlatforms) = postSolution
		{BE6C3F50-D32A-4865-A1AC-6DB1855A86A1}.Debug|Any CPU.ActiveCfg = Debug|Any CPU
		{BE6C3F50-D32A-4865-A1AC-6DB1855A86A1}.Debug|Any CPU.Build.0 = Debug|Any CPU
		{BE6C3F50-D32A-4865-A1AC-6DB1855A86A1}.Release|Any CPU.ActiveCfg = Release|Any CPU
		{BE6C3F50-D32A-4865-A1AC-6DB1855A86A1}.Release|Any CPU.Build.0 = Release|Any CPU
		{3F0084D0-0A54-4034-A18E-AD084D9E383A}.Debug|Any CPU.ActiveCfg = Debug|Any CPU
		{3F0084D0-0A54-4034-A18E-AD084D9E383A}.Debug|Any CPU.Build.0 = Debug|Any CPU
		{3F0084D0-0A54-4034-A18E-AD084D9E383A}.Release|Any CPU.ActiveCfg = Release|Any CPU
		{3F0084D0-0A54-4034-A18E-AD084D9E383A}.Release|Any CPU.Build.0 = Release|Any CPU
	EndGlobalSection
EndGlobal
