
Microsoft Visual Studio Solution File, Format Version 12.00
Project("{FAE04EC0-301F-11D3-BF4B-00C04F79EFBC}") = "Astora.Engine", "Astora.Engine\Astora.Engine.csproj", "{597DE1E3-04D4-4223-8BDF-22844E7436AB}"
EndProject
Project("{FAE04EC0-301F-11D3-BF4B-00C04F79EFBC}") = "Astora.Sandbox", "Astora.Sandbox\Astora.Sandbox.csproj", "{034BDEC5-4599-41B1-94AB-8A30CE27AEA3}"
EndProject
Project("{FAE04EC0-301F-11D3-BF4B-00C04F79EFBC}") = "FNA.Core", "external\FNA\FNA.Core.csproj", "{81CA8765-E5E6-4A49-9003-2509CFA15CEB}"
EndProject
Project("{FAE04EC0-301F-11D3-BF4B-00C04F79EFBC}") = "Astora.ECS", "Astora.ECS\Astora.ECS.csproj", "{3ECF6D52-3AF9-4F76-9652-7D0DBAF6D84A}"
EndProject
Project("{FAE04EC0-301F-11D3-BF4B-00C04F79EFBC}") = "Astora.Benchmark", "Astora.Benchmark\Astora.Benchmark.csproj", "{CC708D2E-9E8C-44A4-BCFB-13C1B6D1C8EA}"
EndProject
Global
	GlobalSection(SolutionConfigurationPlatforms) = preSolution
		Debug|Any CPU = Debug|Any CPU
		Release|Any CPU = Release|Any CPU
	EndGlobalSection
	GlobalSection(ProjectConfigurationPlatforms) = postSolution
		{924ABD9A-E86B-4EC2-9DBA-79E486154720}.Debug|Any CPU.ActiveCfg = Debug|Any CPU
		{924ABD9A-E86B-4EC2-9DBA-79E486154720}.Debug|Any CPU.Build.0 = Debug|Any CPU
		{924ABD9A-E86B-4EC2-9DBA-79E486154720}.Release|Any CPU.ActiveCfg = Release|Any CPU
		{924ABD9A-E86B-4EC2-9DBA-79E486154720}.Release|Any CPU.Build.0 = Release|Any CPU
		{597DE1E3-04D4-4223-8BDF-22844E7436AB}.Debug|Any CPU.ActiveCfg = Debug|Any CPU
		{597DE1E3-04D4-4223-8BDF-22844E7436AB}.Debug|Any CPU.Build.0 = Debug|Any CPU
		{597DE1E3-04D4-4223-8BDF-22844E7436AB}.Release|Any CPU.ActiveCfg = Release|Any CPU
		{597DE1E3-04D4-4223-8BDF-22844E7436AB}.Release|Any CPU.Build.0 = Release|Any CPU
		{034BDEC5-4599-41B1-94AB-8A30CE27AEA3}.Debug|Any CPU.ActiveCfg = Debug|Any CPU
		{034BDEC5-4599-41B1-94AB-8A30CE27AEA3}.Debug|Any CPU.Build.0 = Debug|Any CPU
		{034BDEC5-4599-41B1-94AB-8A30CE27AEA3}.Release|Any CPU.ActiveCfg = Release|Any CPU
		{034BDEC5-4599-41B1-94AB-8A30CE27AEA3}.Release|Any CPU.Build.0 = Release|Any CPU
		{81CA8765-E5E6-4A49-9003-2509CFA15CEB}.Debug|Any CPU.ActiveCfg = Debug|Any CPU
		{81CA8765-E5E6-4A49-9003-2509CFA15CEB}.Debug|Any CPU.Build.0 = Debug|Any CPU
		{81CA8765-E5E6-4A49-9003-2509CFA15CEB}.Release|Any CPU.ActiveCfg = Release|Any CPU
		{81CA8765-E5E6-4A49-9003-2509CFA15CEB}.Release|Any CPU.Build.0 = Release|Any CPU
		{3ECF6D52-3AF9-4F76-9652-7D0DBAF6D84A}.Debug|Any CPU.ActiveCfg = Debug|Any CPU
		{3ECF6D52-3AF9-4F76-9652-7D0DBAF6D84A}.Debug|Any CPU.Build.0 = Debug|Any CPU
		{3ECF6D52-3AF9-4F76-9652-7D0DBAF6D84A}.Release|Any CPU.ActiveCfg = Release|Any CPU
		{3ECF6D52-3AF9-4F76-9652-7D0DBAF6D84A}.Release|Any CPU.Build.0 = Release|Any CPU
		{CC708D2E-9E8C-44A4-BCFB-13C1B6D1C8EA}.Debug|Any CPU.ActiveCfg = Debug|Any CPU
		{CC708D2E-9E8C-44A4-BCFB-13C1B6D1C8EA}.Debug|Any CPU.Build.0 = Debug|Any CPU
		{CC708D2E-9E8C-44A4-BCFB-13C1B6D1C8EA}.Release|Any CPU.ActiveCfg = Release|Any CPU
		{CC708D2E-9E8C-44A4-BCFB-13C1B6D1C8EA}.Release|Any CPU.Build.0 = Release|Any CPU
	EndGlobalSection
EndGlobal
